
Microsoft Visual Studio Solution File, Format Version 12.00
# Visual Studio Version 16
VisualStudioVersion = 16.0.29201.188
MinimumVisualStudioVersion = 10.0.40219.1
Project("{FAE04EC0-301F-11D3-BF4B-00C04F79EFBC}") = "Exercise1", "Exercise1\Exercise1.csproj", "{80B879E1-3882-4974-83A5-2D226F9E9101}"
EndProject
Global
	GlobalSection(SolutionConfigurationPlatforms) = preSolution
		Debug|Any CPU = Debug|Any CPU
		Release|Any CPU = Release|Any CPU
	EndGlobalSection
	GlobalSection(ProjectConfigurationPlatforms) = postSolution
		{80B879E1-3882-4974-83A5-2D226F9E9101}.Debug|Any CPU.ActiveCfg = Debug|Any CPU
		{80B879E1-3882-4974-83A5-2D226F9E9101}.Debug|Any CPU.Build.0 = Debug|Any CPU
		{80B879E1-3882-4974-83A5-2D226F9E9101}.Release|Any CPU.ActiveCfg = Release|Any CPU
		{80B879E1-3882-4974-83A5-2D226F9E9101}.Release|Any CPU.Build.0 = Release|Any CPU
	EndGlobalSection
	GlobalSection(SolutionProperties) = preSolution
		HideSolutionNode = FALSE
	EndGlobalSection
	GlobalSection(ExtensibilityGlobals) = postSolution
		SolutionGuid = {055BFC68-C2A9-422E-9BB2-DD70C76ADAB4}
	EndGlobalSection
EndGlobal
