
Microsoft Visual Studio Solution File, Format Version 12.00
# Visual Studio Version 16
VisualStudioVersion = 16.0.29123.88
MinimumVisualStudioVersion = 10.0.40219.1
Project("{FAE04EC0-301F-11D3-BF4B-00C04F79EFBC}") = "ExecuteRectangle", "ExecuteRectangle\ExecuteRectangle.csproj", "{9B7BFF12-5117-48ED-9077-025E6DCEF5B8}"
EndProject
Global
	GlobalSection(SolutionConfigurationPlatforms) = preSolution
		Debug|Any CPU = Debug|Any CPU
		Release|Any CPU = Release|Any CPU
	EndGlobalSection
	GlobalSection(ProjectConfigurationPlatforms) = postSolution
		{9B7BFF12-5117-48ED-9077-025E6DCEF5B8}.Debug|Any CPU.ActiveCfg = Debug|Any CPU
		{9B7BFF12-5117-48ED-9077-025E6DCEF5B8}.Debug|Any CPU.Build.0 = Debug|Any CPU
		{9B7BFF12-5117-48ED-9077-025E6DCEF5B8}.Release|Any CPU.ActiveCfg = Release|Any CPU
		{9B7BFF12-5117-48ED-9077-025E6DCEF5B8}.Release|Any CPU.Build.0 = Release|Any CPU
	EndGlobalSection
	GlobalSection(SolutionProperties) = preSolution
		HideSolutionNode = FALSE
	EndGlobalSection
	GlobalSection(ExtensibilityGlobals) = postSolution
		SolutionGuid = {99F52B0B-9026-4E2A-BE19-26BEEC37E8D8}
	EndGlobalSection
EndGlobal
