
Microsoft Visual Studio Solution File, Format Version 12.00
# Visual Studio Version 16
VisualStudioVersion = 16.0.29201.188
MinimumVisualStudioVersion = 10.0.40219.1
Project("{FAE04EC0-301F-11D3-BF4B-00C04F79EFBC}") = "House", "Exercise\House.csproj", "{F8D4D6F2-48BF-48A3-AB7C-1A33BBAD973C}"
EndProject
Project("{FAE04EC0-301F-11D3-BF4B-00C04F79EFBC}") = "3DPoint", "3DPoint\3DPoint.csproj", "{CF7BDABD-7A67-47BF-94B0-BDB1D8142528}"
EndProject
Global
	GlobalSection(SolutionConfigurationPlatforms) = preSolution
		Debug|Any CPU = Debug|Any CPU
		Release|Any CPU = Release|Any CPU
	EndGlobalSection
	GlobalSection(ProjectConfigurationPlatforms) = postSolution
		{F8D4D6F2-48BF-48A3-AB7C-1A33BBAD973C}.Debug|Any CPU.ActiveCfg = Debug|Any CPU
		{F8D4D6F2-48BF-48A3-AB7C-1A33BBAD973C}.Debug|Any CPU.Build.0 = Debug|Any CPU
		{F8D4D6F2-48BF-48A3-AB7C-1A33BBAD973C}.Release|Any CPU.ActiveCfg = Release|Any CPU
		{F8D4D6F2-48BF-48A3-AB7C-1A33BBAD973C}.Release|Any CPU.Build.0 = Release|Any CPU
		{CF7BDABD-7A67-47BF-94B0-BDB1D8142528}.Debug|Any CPU.ActiveCfg = Debug|Any CPU
		{CF7BDABD-7A67-47BF-94B0-BDB1D8142528}.Debug|Any CPU.Build.0 = Debug|Any CPU
		{CF7BDABD-7A67-47BF-94B0-BDB1D8142528}.Release|Any CPU.ActiveCfg = Release|Any CPU
		{CF7BDABD-7A67-47BF-94B0-BDB1D8142528}.Release|Any CPU.Build.0 = Release|Any CPU
	EndGlobalSection
	GlobalSection(SolutionProperties) = preSolution
		HideSolutionNode = FALSE
	EndGlobalSection
	GlobalSection(ExtensibilityGlobals) = postSolution
		SolutionGuid = {EC32F7A2-C788-44A0-89D7-33FC953AB3A3}
	EndGlobalSection
EndGlobal
